// !$*UTF8*$!
{
	archiveVersion = 1;
	classes = {
	};
	objectVersion = 46;
	objects = {

/* Begin PBXBuildFile section */
		5214F6CE1D275FDE00ACC644 /* main.m in Sources */ = {isa = PBXBuildFile; fileRef = 5214F6CD1D275FDE00ACC644 /* main.m */; };
		5214F6D11D275FDE00ACC644 /* AppDelegate.m in Sources */ = {isa = PBXBuildFile; fileRef = 5214F6D01D275FDE00ACC644 /* AppDelegate.m */; };
		5214F6D41D275FDE00ACC644 /* ViewController.m in Sources */ = {isa = PBXBuildFile; fileRef = 5214F6D31D275FDE00ACC644 /* ViewController.m */; };
		5214F6D71D275FDE00ACC644 /* Main.storyboard in Resources */ = {isa = PBXBuildFile; fileRef = 5214F6D51D275FDE00ACC644 /* Main.storyboard */; };
		5214F6D91D275FDE00ACC644 /* Assets.xcassets in Resources */ = {isa = PBXBuildFile; fileRef = 5214F6D81D275FDE00ACC644 /* Assets.xcassets */; };
		5214F6DC1D275FDE00ACC644 /* LaunchScreen.storyboard in Resources */ = {isa = PBXBuildFile; fileRef = 5214F6DA1D275FDE00ACC644 /* LaunchScreen.storyboard */; };
		5214F6E51D27636000ACC644 /* MapKit.framework in Frameworks */ = {isa = PBXBuildFile; fileRef = 5214F6E41D27636000ACC644 /* MapKit.framework */; };
		5214F6EA1D27684200ACC644 /* AFNetHelper.m in Sources */ = {isa = PBXBuildFile; fileRef = 5214F6E91D27684200ACC644 /* AFNetHelper.m */; };
		5214F6F01D277DED00ACC644 /* MapController.m in Sources */ = {isa = PBXBuildFile; fileRef = 5214F6EF1D277DED00ACC644 /* MapController.m */; };
		5214F6F31D277E2F00ACC644 /* PostController.m in Sources */ = {isa = PBXBuildFile; fileRef = 5214F6F21D277E2F00ACC644 /* PostController.m */; };
		5214F6FD1D27822700ACC644 /* MenuCell.m in Sources */ = {isa = PBXBuildFile; fileRef = 5214F6FC1D27822700ACC644 /* MenuCell.m */; };
		5214F7081D2785B000ACC644 /* MenuHeader.m in Sources */ = {isa = PBXBuildFile; fileRef = 5214F7071D2785B000ACC644 /* MenuHeader.m */; };
		527FA9621D28230A00A542FC /* TitleView.m in Sources */ = {isa = PBXBuildFile; fileRef = 527FA9611D28230A00A542FC /* TitleView.m */; };
		527FA9651D28232C00A542FC /* SearchView.m in Sources */ = {isa = PBXBuildFile; fileRef = 527FA9641D28232C00A542FC /* SearchView.m */; };
		52B044601D27968B001F55C5 /* SideMenu.m in Sources */ = {isa = PBXBuildFile; fileRef = 52B0445F1D27968B001F55C5 /* SideMenu.m */; };
		52B044631D27971E001F55C5 /* PostListController.m in Sources */ = {isa = PBXBuildFile; fileRef = 52B044621D27971E001F55C5 /* PostListController.m */; };
		52B0446A1D279C26001F55C5 /* TabMenu.m in Sources */ = {isa = PBXBuildFile; fileRef = 52B044691D279C26001F55C5 /* TabMenu.m */; };
		52B0446E1D27BD13001F55C5 /* MarcoPandaData.m in Sources */ = {isa = PBXBuildFile; fileRef = 52B0446D1D27BD13001F55C5 /* MarcoPandaData.m */; };
		52B044711D27D745001F55C5 /* MarcoPandaMarker.m in Sources */ = {isa = PBXBuildFile; fileRef = 52B044701D27D745001F55C5 /* MarcoPandaMarker.m */; };
		52B044731D27EA91001F55C5 /* QuartzCore.framework in Frameworks */ = {isa = PBXBuildFile; fileRef = 52B044721D27EA91001F55C5 /* QuartzCore.framework */; };
		52B044761D27EC6D001F55C5 /* MakerInfoButton.m in Sources */ = {isa = PBXBuildFile; fileRef = 52B044751D27EC6D001F55C5 /* MakerInfoButton.m */; };
		E1F80131AED5EB8BB13786AF /* libPods-marcopandaios.a in Frameworks */ = {isa = PBXBuildFile; fileRef = AF13DD561EBFE48013675D71 /* libPods-marcopandaios.a */; };
/* End PBXBuildFile section */

/* Begin PBXFileReference section */
		1C744367231C8DD04ED7BF70 /* Pods-marcopandaios.release.xcconfig */ = {isa = PBXFileReference; includeInIndex = 1; lastKnownFileType = text.xcconfig; name = "Pods-marcopandaios.release.xcconfig"; path = "Pods/Target Support Files/Pods-marcopandaios/Pods-marcopandaios.release.xcconfig"; sourceTree = "<group>"; };
		5214F6C91D275FDE00ACC644 /* marcopandaios.app */ = {isa = PBXFileReference; explicitFileType = wrapper.application; includeInIndex = 0; path = marcopandaios.app; sourceTree = BUILT_PRODUCTS_DIR; };
		5214F6CD1D275FDE00ACC644 /* main.m */ = {isa = PBXFileReference; lastKnownFileType = sourcecode.c.objc; path = main.m; sourceTree = "<group>"; };
		5214F6CF1D275FDE00ACC644 /* AppDelegate.h */ = {isa = PBXFileReference; lastKnownFileType = sourcecode.c.h; path = AppDelegate.h; sourceTree = "<group>"; };
		5214F6D01D275FDE00ACC644 /* AppDelegate.m */ = {isa = PBXFileReference; lastKnownFileType = sourcecode.c.objc; path = AppDelegate.m; sourceTree = "<group>"; };
		5214F6D21D275FDE00ACC644 /* ViewController.h */ = {isa = PBXFileReference; lastKnownFileType = sourcecode.c.h; path = ViewController.h; sourceTree = "<group>"; };
		5214F6D31D275FDE00ACC644 /* ViewController.m */ = {isa = PBXFileReference; lastKnownFileType = sourcecode.c.objc; path = ViewController.m; sourceTree = "<group>"; };
		5214F6D61D275FDE00ACC644 /* Base */ = {isa = PBXFileReference; lastKnownFileType = file.storyboard; name = Base; path = Base.lproj/Main.storyboard; sourceTree = "<group>"; };
		5214F6D81D275FDE00ACC644 /* Assets.xcassets */ = {isa = PBXFileReference; lastKnownFileType = folder.assetcatalog; path = Assets.xcassets; sourceTree = "<group>"; };
		5214F6DB1D275FDE00ACC644 /* Base */ = {isa = PBXFileReference; lastKnownFileType = file.storyboard; name = Base; path = Base.lproj/LaunchScreen.storyboard; sourceTree = "<group>"; };
		5214F6DD1D275FDE00ACC644 /* Info.plist */ = {isa = PBXFileReference; lastKnownFileType = text.plist.xml; path = Info.plist; sourceTree = "<group>"; };
		5214F6E41D27636000ACC644 /* MapKit.framework */ = {isa = PBXFileReference; lastKnownFileType = wrapper.framework; name = MapKit.framework; path = System/Library/Frameworks/MapKit.framework; sourceTree = SDKROOT; };
		5214F6E81D27684200ACC644 /* AFNetHelper.h */ = {isa = PBXFileReference; fileEncoding = 4; lastKnownFileType = sourcecode.c.h; path = AFNetHelper.h; sourceTree = "<group>"; };
		5214F6E91D27684200ACC644 /* AFNetHelper.m */ = {isa = PBXFileReference; fileEncoding = 4; lastKnownFileType = sourcecode.c.objc; path = AFNetHelper.m; sourceTree = "<group>"; };
		5214F6EE1D277DED00ACC644 /* MapController.h */ = {isa = PBXFileReference; fileEncoding = 4; lastKnownFileType = sourcecode.c.h; name = MapController.h; path = view/MapController.h; sourceTree = "<group>"; };
		5214F6EF1D277DED00ACC644 /* MapController.m */ = {isa = PBXFileReference; fileEncoding = 4; lastKnownFileType = sourcecode.c.objc; name = MapController.m; path = view/MapController.m; sourceTree = "<group>"; };
		5214F6F11D277E2F00ACC644 /* PostController.h */ = {isa = PBXFileReference; fileEncoding = 4; lastKnownFileType = sourcecode.c.h; name = PostController.h; path = view/PostController.h; sourceTree = "<group>"; };
		5214F6F21D277E2F00ACC644 /* PostController.m */ = {isa = PBXFileReference; fileEncoding = 4; lastKnownFileType = sourcecode.c.objc; name = PostController.m; path = view/PostController.m; sourceTree = "<group>"; };
		5214F6FB1D27822700ACC644 /* MenuCell.h */ = {isa = PBXFileReference; fileEncoding = 4; lastKnownFileType = sourcecode.c.h; name = MenuCell.h; path = view/parts/MenuCell.h; sourceTree = "<group>"; };
		5214F6FC1D27822700ACC644 /* MenuCell.m */ = {isa = PBXFileReference; fileEncoding = 4; lastKnownFileType = sourcecode.c.objc; name = MenuCell.m; path = view/parts/MenuCell.m; sourceTree = "<group>"; };
		5214F7011D27830600ACC644 /* marcopandaios-Prefix.pch */ = {isa = PBXFileReference; lastKnownFileType = sourcecode.c.h; path = "marcopandaios-Prefix.pch"; sourceTree = "<group>"; };
		5214F7061D2785B000ACC644 /* MenuHeader.h */ = {isa = PBXFileReference; fileEncoding = 4; lastKnownFileType = sourcecode.c.h; name = MenuHeader.h; path = view/parts/MenuHeader.h; sourceTree = "<group>"; };
		5214F7071D2785B000ACC644 /* MenuHeader.m */ = {isa = PBXFileReference; fileEncoding = 4; lastKnownFileType = sourcecode.c.objc; name = MenuHeader.m; path = view/parts/MenuHeader.m; sourceTree = "<group>"; };
		527FA9601D28230A00A542FC /* TitleView.h */ = {isa = PBXFileReference; fileEncoding = 4; lastKnownFileType = sourcecode.c.h; name = TitleView.h; path = view/parts/TitleView.h; sourceTree = "<group>"; };
		527FA9611D28230A00A542FC /* TitleView.m */ = {isa = PBXFileReference; fileEncoding = 4; lastKnownFileType = sourcecode.c.objc; name = TitleView.m; path = view/parts/TitleView.m; sourceTree = "<group>"; };
		527FA9631D28232C00A542FC /* SearchView.h */ = {isa = PBXFileReference; fileEncoding = 4; lastKnownFileType = sourcecode.c.h; name = SearchView.h; path = view/parts/SearchView.h; sourceTree = "<group>"; };
		527FA9641D28232C00A542FC /* SearchView.m */ = {isa = PBXFileReference; fileEncoding = 4; lastKnownFileType = sourcecode.c.objc; name = SearchView.m; path = view/parts/SearchView.m; sourceTree = "<group>"; };
		52B0445E1D27968B001F55C5 /* SideMenu.h */ = {isa = PBXFileReference; fileEncoding = 4; lastKnownFileType = sourcecode.c.h; name = SideMenu.h; path = view/parts/SideMenu.h; sourceTree = "<group>"; };
		52B0445F1D27968B001F55C5 /* SideMenu.m */ = {isa = PBXFileReference; fileEncoding = 4; lastKnownFileType = sourcecode.c.objc; name = SideMenu.m; path = view/parts/SideMenu.m; sourceTree = "<group>"; };
		52B044611D27971E001F55C5 /* PostListController.h */ = {isa = PBXFileReference; fileEncoding = 4; lastKnownFileType = sourcecode.c.h; name = PostListController.h; path = view/PostListController.h; sourceTree = "<group>"; };
		52B044621D27971E001F55C5 /* PostListController.m */ = {isa = PBXFileReference; fileEncoding = 4; lastKnownFileType = sourcecode.c.objc; name = PostListController.m; path = view/PostListController.m; sourceTree = "<group>"; };
		52B044681D279C26001F55C5 /* TabMenu.h */ = {isa = PBXFileReference; fileEncoding = 4; lastKnownFileType = sourcecode.c.h; name = TabMenu.h; path = view/parts/TabMenu.h; sourceTree = "<group>"; };
		52B044691D279C26001F55C5 /* TabMenu.m */ = {isa = PBXFileReference; fileEncoding = 4; lastKnownFileType = sourcecode.c.objc; name = TabMenu.m; path = view/parts/TabMenu.m; sourceTree = "<group>"; };
		52B0446C1D27BD13001F55C5 /* MarcoPandaData.h */ = {isa = PBXFileReference; fileEncoding = 4; lastKnownFileType = sourcecode.c.h; name = MarcoPandaData.h; path = common/data/MarcoPandaData.h; sourceTree = "<group>"; };
		52B0446D1D27BD13001F55C5 /* MarcoPandaData.m */ = {isa = PBXFileReference; fileEncoding = 4; lastKnownFileType = sourcecode.c.objc; name = MarcoPandaData.m; path = common/data/MarcoPandaData.m; sourceTree = "<group>"; };
		52B0446F1D27D745001F55C5 /* MarcoPandaMarker.h */ = {isa = PBXFileReference; fileEncoding = 4; lastKnownFileType = sourcecode.c.h; name = MarcoPandaMarker.h; path = view/parts/MarcoPandaMarker.h; sourceTree = "<group>"; };
		52B044701D27D745001F55C5 /* MarcoPandaMarker.m */ = {isa = PBXFileReference; fileEncoding = 4; lastKnownFileType = sourcecode.c.objc; name = MarcoPandaMarker.m; path = view/parts/MarcoPandaMarker.m; sourceTree = "<group>"; };
		52B044721D27EA91001F55C5 /* QuartzCore.framework */ = {isa = PBXFileReference; lastKnownFileType = wrapper.framework; name = QuartzCore.framework; path = System/Library/Frameworks/QuartzCore.framework; sourceTree = SDKROOT; };
		52B044741D27EC6D001F55C5 /* MakerInfoButton.h */ = {isa = PBXFileReference; fileEncoding = 4; lastKnownFileType = sourcecode.c.h; name = MakerInfoButton.h; path = view/parts/MakerInfoButton.h; sourceTree = "<group>"; };
		52B044751D27EC6D001F55C5 /* MakerInfoButton.m */ = {isa = PBXFileReference; fileEncoding = 4; lastKnownFileType = sourcecode.c.objc; name = MakerInfoButton.m; path = view/parts/MakerInfoButton.m; sourceTree = "<group>"; };
		A71C2E884F32E45EA3C37DBA /* Pods-marcopandaios.debug.xcconfig */ = {isa = PBXFileReference; includeInIndex = 1; lastKnownFileType = text.xcconfig; name = "Pods-marcopandaios.debug.xcconfig"; path = "Pods/Target Support Files/Pods-marcopandaios/Pods-marcopandaios.debug.xcconfig"; sourceTree = "<group>"; };
		AF13DD561EBFE48013675D71 /* libPods-marcopandaios.a */ = {isa = PBXFileReference; explicitFileType = archive.ar; includeInIndex = 0; path = "libPods-marcopandaios.a"; sourceTree = BUILT_PRODUCTS_DIR; };
/* End PBXFileReference section */

/* Begin PBXFrameworksBuildPhase section */
		5214F6C61D275FDE00ACC644 /* Frameworks */ = {
			isa = PBXFrameworksBuildPhase;
			buildActionMask = 2147483647;
			files = (
				52B044731D27EA91001F55C5 /* QuartzCore.framework in Frameworks */,
				5214F6E51D27636000ACC644 /* MapKit.framework in Frameworks */,
				E1F80131AED5EB8BB13786AF /* libPods-marcopandaios.a in Frameworks */,
			);
			runOnlyForDeploymentPostprocessing = 0;
		};
/* End PBXFrameworksBuildPhase section */

/* Begin PBXGroup section */
		47042B0ACBCB7A75BB6E7582 /* Pods */ = {
			isa = PBXGroup;
			children = (
				A71C2E884F32E45EA3C37DBA /* Pods-marcopandaios.debug.xcconfig */,
				1C744367231C8DD04ED7BF70 /* Pods-marcopandaios.release.xcconfig */,
			);
			name = Pods;
			sourceTree = "<group>";
		};
		5214F6C01D275FDE00ACC644 = {
			isa = PBXGroup;
			children = (
				5214F6CB1D275FDE00ACC644 /* marcopandaios */,
				5214F6CA1D275FDE00ACC644 /* Products */,
				5214F6E31D27636000ACC644 /* Frameworks */,
				47042B0ACBCB7A75BB6E7582 /* Pods */,
			);
			sourceTree = "<group>";
		};
		5214F6CA1D275FDE00ACC644 /* Products */ = {
			isa = PBXGroup;
			children = (
				5214F6C91D275FDE00ACC644 /* marcopandaios.app */,
			);
			name = Products;
			sourceTree = "<group>";
		};
		5214F6CB1D275FDE00ACC644 /* marcopandaios */ = {
			isa = PBXGroup;
			children = (
				5214F6EC1D2777D500ACC644 /* view */,
				5214F6EB1D27777B00ACC644 /* common */,
				5214F6CF1D275FDE00ACC644 /* AppDelegate.h */,
				5214F6D01D275FDE00ACC644 /* AppDelegate.m */,
				5214F6D21D275FDE00ACC644 /* ViewController.h */,
				5214F6D31D275FDE00ACC644 /* ViewController.m */,
				5214F6D51D275FDE00ACC644 /* Main.storyboard */,
				5214F6D81D275FDE00ACC644 /* Assets.xcassets */,
				5214F6DA1D275FDE00ACC644 /* LaunchScreen.storyboard */,
				5214F6DD1D275FDE00ACC644 /* Info.plist */,
				5214F6CC1D275FDE00ACC644 /* Supporting Files */,
			);
			path = marcopandaios;
			sourceTree = "<group>";
		};
		5214F6CC1D275FDE00ACC644 /* Supporting Files */ = {
			isa = PBXGroup;
			children = (
				5214F6CD1D275FDE00ACC644 /* main.m */,
				5214F7011D27830600ACC644 /* marcopandaios-Prefix.pch */,
			);
			name = "Supporting Files";
			sourceTree = "<group>";
		};
		5214F6E31D27636000ACC644 /* Frameworks */ = {
			isa = PBXGroup;
			children = (
				52B044721D27EA91001F55C5 /* QuartzCore.framework */,
				5214F6E41D27636000ACC644 /* MapKit.framework */,
				AF13DD561EBFE48013675D71 /* libPods-marcopandaios.a */,
			);
			name = Frameworks;
			sourceTree = "<group>";
		};
		5214F6E71D27684200ACC644 /* net */ = {
			isa = PBXGroup;
			children = (
				5214F6E81D27684200ACC644 /* AFNetHelper.h */,
				5214F6E91D27684200ACC644 /* AFNetHelper.m */,
			);
			name = net;
			path = common/net;
			sourceTree = "<group>";
		};
		5214F6EB1D27777B00ACC644 /* common */ = {
			isa = PBXGroup;
			children = (
				52B0446B1D27BC3B001F55C5 /* data */,
				5214F6E71D27684200ACC644 /* net */,
			);
			name = common;
			sourceTree = "<group>";
		};
		5214F6EC1D2777D500ACC644 /* view */ = {
			isa = PBXGroup;
			children = (
				5214F6ED1D2777DF00ACC644 /* parts */,
				5214F6EE1D277DED00ACC644 /* MapController.h */,
				5214F6EF1D277DED00ACC644 /* MapController.m */,
				52B044611D27971E001F55C5 /* PostListController.h */,
				52B044621D27971E001F55C5 /* PostListController.m */,
				5214F6F11D277E2F00ACC644 /* PostController.h */,
				5214F6F21D277E2F00ACC644 /* PostController.m */,
			);
			name = view;
			sourceTree = "<group>";
		};
		5214F6ED1D2777DF00ACC644 /* parts */ = {
			isa = PBXGroup;
			children = (
				52B0445E1D27968B001F55C5 /* SideMenu.h */,
				52B0445F1D27968B001F55C5 /* SideMenu.m */,
				5214F6FB1D27822700ACC644 /* MenuCell.h */,
				5214F6FC1D27822700ACC644 /* MenuCell.m */,
				5214F7061D2785B000ACC644 /* MenuHeader.h */,
				5214F7071D2785B000ACC644 /* MenuHeader.m */,
				52B044681D279C26001F55C5 /* TabMenu.h */,
				52B044691D279C26001F55C5 /* TabMenu.m */,
				52B0446F1D27D745001F55C5 /* MarcoPandaMarker.h */,
				52B044701D27D745001F55C5 /* MarcoPandaMarker.m */,
				52B044741D27EC6D001F55C5 /* MakerInfoButton.h */,
				52B044751D27EC6D001F55C5 /* MakerInfoButton.m */,
				527FA9601D28230A00A542FC /* TitleView.h */,
				527FA9611D28230A00A542FC /* TitleView.m */,
				527FA9631D28232C00A542FC /* SearchView.h */,
				527FA9641D28232C00A542FC /* SearchView.m */,
			);
			name = parts;
			sourceTree = "<group>";
		};
		52B0446B1D27BC3B001F55C5 /* data */ = {
			isa = PBXGroup;
			children = (
				52B0446C1D27BD13001F55C5 /* MarcoPandaData.h */,
				52B0446D1D27BD13001F55C5 /* MarcoPandaData.m */,
			);
			name = data;
			sourceTree = "<group>";
		};
/* End PBXGroup section */

/* Begin PBXNativeTarget section */
		5214F6C81D275FDE00ACC644 /* marcopandaios */ = {
			isa = PBXNativeTarget;
			buildConfigurationList = 5214F6E01D275FDE00ACC644 /* Build configuration list for PBXNativeTarget "marcopandaios" */;
			buildPhases = (
				46C32E240BE38E266BB2C65B /* 📦 Check Pods Manifest.lock */,
				5214F6C51D275FDE00ACC644 /* Sources */,
				5214F6C61D275FDE00ACC644 /* Frameworks */,
				5214F6C71D275FDE00ACC644 /* Resources */,
				BED00F245B1ECDBDA7545533 /* 📦 Embed Pods Frameworks */,
				BB84831CE305D17A7E7F3D7F /* 📦 Copy Pods Resources */,
			);
			buildRules = (
			);
			dependencies = (
			);
			name = marcopandaios;
			productName = marcopandaios;
			productReference = 5214F6C91D275FDE00ACC644 /* marcopandaios.app */;
			productType = "com.apple.product-type.application";
		};
/* End PBXNativeTarget section */

/* Begin PBXProject section */
		5214F6C11D275FDE00ACC644 /* Project object */ = {
			isa = PBXProject;
			attributes = {
				LastUpgradeCheck = 0800;
				ORGANIZATIONNAME = magicfor;
				TargetAttributes = {
					5214F6C81D275FDE00ACC644 = {
						CreatedOnToolsVersion = 8.0;
						DevelopmentTeam = AY48G6J2D2;
						DevelopmentTeamName = "XIAOCHUAN HONG";
						ProvisioningStyle = Automatic;
					};
				};
			};
			buildConfigurationList = 5214F6C41D275FDE00ACC644 /* Build configuration list for PBXProject "marcopandaios" */;
			compatibilityVersion = "Xcode 3.2";
			developmentRegion = English;
			hasScannedForEncodings = 0;
			knownRegions = (
				en,
				Base,
			);
			mainGroup = 5214F6C01D275FDE00ACC644;
			productRefGroup = 5214F6CA1D275FDE00ACC644 /* Products */;
			projectDirPath = "";
			projectRoot = "";
			targets = (
				5214F6C81D275FDE00ACC644 /* marcopandaios */,
			);
		};
/* End PBXProject section */

/* Begin PBXResourcesBuildPhase section */
		5214F6C71D275FDE00ACC644 /* Resources */ = {
			isa = PBXResourcesBuildPhase;
			buildActionMask = 2147483647;
			files = (
				5214F6DC1D275FDE00ACC644 /* LaunchScreen.storyboard in Resources */,
				5214F6D91D275FDE00ACC644 /* Assets.xcassets in Resources */,
				5214F6D71D275FDE00ACC644 /* Main.storyboard in Resources */,
			);
			runOnlyForDeploymentPostprocessing = 0;
		};
/* End PBXResourcesBuildPhase section */

/* Begin PBXShellScriptBuildPhase section */
		46C32E240BE38E266BB2C65B /* 📦 Check Pods Manifest.lock */ = {
			isa = PBXShellScriptBuildPhase;
			buildActionMask = 2147483647;
			files = (
			);
			inputPaths = (
			);
			name = "📦 Check Pods Manifest.lock";
			outputPaths = (
			);
			runOnlyForDeploymentPostprocessing = 0;
			shellPath = /bin/sh;
			shellScript = "diff \"${PODS_ROOT}/../Podfile.lock\" \"${PODS_ROOT}/Manifest.lock\" > /dev/null\nif [[ $? != 0 ]] ; then\n    cat << EOM\nerror: The sandbox is not in sync with the Podfile.lock. Run 'pod install' or update your CocoaPods installation.\nEOM\n    exit 1\nfi\n";
			showEnvVarsInLog = 0;
		};
		BB84831CE305D17A7E7F3D7F /* 📦 Copy Pods Resources */ = {
			isa = PBXShellScriptBuildPhase;
			buildActionMask = 2147483647;
			files = (
			);
			inputPaths = (
			);
			name = "📦 Copy Pods Resources";
			outputPaths = (
			);
			runOnlyForDeploymentPostprocessing = 0;
			shellPath = /bin/sh;
			shellScript = "\"${SRCROOT}/Pods/Target Support Files/Pods-marcopandaios/Pods-marcopandaios-resources.sh\"\n";
			showEnvVarsInLog = 0;
		};
		BED00F245B1ECDBDA7545533 /* 📦 Embed Pods Frameworks */ = {
			isa = PBXShellScriptBuildPhase;
			buildActionMask = 2147483647;
			files = (
			);
			inputPaths = (
			);
			name = "📦 Embed Pods Frameworks";
			outputPaths = (
			);
			runOnlyForDeploymentPostprocessing = 0;
			shellPath = /bin/sh;
			shellScript = "\"${SRCROOT}/Pods/Target Support Files/Pods-marcopandaios/Pods-marcopandaios-frameworks.sh\"\n";
			showEnvVarsInLog = 0;
		};
/* End PBXShellScriptBuildPhase section */

/* Begin PBXSourcesBuildPhase section */
		5214F6C51D275FDE00ACC644 /* Sources */ = {
			isa = PBXSourcesBuildPhase;
			buildActionMask = 2147483647;
			files = (
				5214F6D41D275FDE00ACC644 /* ViewController.m in Sources */,
				52B044601D27968B001F55C5 /* SideMenu.m in Sources */,
				5214F7081D2785B000ACC644 /* MenuHeader.m in Sources */,
				5214F6D11D275FDE00ACC644 /* AppDelegate.m in Sources */,
				5214F6FD1D27822700ACC644 /* MenuCell.m in Sources */,
				52B0446A1D279C26001F55C5 /* TabMenu.m in Sources */,
				5214F6F01D277DED00ACC644 /* MapController.m in Sources */,
				527FA9621D28230A00A542FC /* TitleView.m in Sources */,
				527FA9651D28232C00A542FC /* SearchView.m in Sources */,
				5214F6F31D277E2F00ACC644 /* PostController.m in Sources */,
				52B044711D27D745001F55C5 /* MarcoPandaMarker.m in Sources */,
				5214F6EA1D27684200ACC644 /* AFNetHelper.m in Sources */,
				5214F6CE1D275FDE00ACC644 /* main.m in Sources */,
				52B044631D27971E001F55C5 /* PostListController.m in Sources */,
				52B044761D27EC6D001F55C5 /* MakerInfoButton.m in Sources */,
				52B0446E1D27BD13001F55C5 /* MarcoPandaData.m in Sources */,
			);
			runOnlyForDeploymentPostprocessing = 0;
		};
/* End PBXSourcesBuildPhase section */

/* Begin PBXVariantGroup section */
		5214F6D51D275FDE00ACC644 /* Main.storyboard */ = {
			isa = PBXVariantGroup;
			children = (
				5214F6D61D275FDE00ACC644 /* Base */,
			);
			name = Main.storyboard;
			sourceTree = "<group>";
		};
		5214F6DA1D275FDE00ACC644 /* LaunchScreen.storyboard */ = {
			isa = PBXVariantGroup;
			children = (
				5214F6DB1D275FDE00ACC644 /* Base */,
			);
			name = LaunchScreen.storyboard;
			sourceTree = "<group>";
		};
/* End PBXVariantGroup section */

/* Begin XCBuildConfiguration section */
		5214F6DE1D275FDE00ACC644 /* Debug */ = {
			isa = XCBuildConfiguration;
			buildSettings = {
				ALWAYS_SEARCH_USER_PATHS = NO;
				CLANG_ANALYZER_NONNULL = YES;
				CLANG_CXX_LANGUAGE_STANDARD = "gnu++0x";
				CLANG_CXX_LIBRARY = "libc++";
				CLANG_ENABLE_MODULES = YES;
				CLANG_ENABLE_OBJC_ARC = YES;
				CLANG_WARN_BOOL_CONVERSION = YES;
				CLANG_WARN_CONSTANT_CONVERSION = YES;
				CLANG_WARN_DIRECT_OBJC_ISA_USAGE = YES_ERROR;
				CLANG_WARN_DOCUMENTATION_COMMENTS = YES;
				CLANG_WARN_EMPTY_BODY = YES;
				CLANG_WARN_ENUM_CONVERSION = YES;
				CLANG_WARN_INT_CONVERSION = YES;
				CLANG_WARN_OBJC_ROOT_CLASS = YES_ERROR;
				CLANG_WARN_UNREACHABLE_CODE = YES;
				CLANG_WARN__DUPLICATE_METHOD_MATCH = YES;
				"CODE_SIGN_IDENTITY[sdk=iphoneos*]" = "iPhone Developer";
				COPY_PHASE_STRIP = NO;
				DEBUG_INFORMATION_FORMAT = dwarf;
				ENABLE_STRICT_OBJC_MSGSEND = YES;
				ENABLE_TESTABILITY = YES;
				GCC_C_LANGUAGE_STANDARD = gnu99;
				GCC_DYNAMIC_NO_PIC = NO;
				GCC_NO_COMMON_BLOCKS = YES;
				GCC_OPTIMIZATION_LEVEL = 0;
				GCC_PREFIX_HEADER = "marcopandaios/marcopandaios-Prefix.pch";
				GCC_PREPROCESSOR_DEFINITIONS = (
					"DEBUG=1",
					"$(inherited)",
				);
				GCC_WARN_64_TO_32_BIT_CONVERSION = YES;
				GCC_WARN_ABOUT_RETURN_TYPE = YES_ERROR;
				GCC_WARN_UNDECLARED_SELECTOR = YES;
				GCC_WARN_UNINITIALIZED_AUTOS = YES_AGGRESSIVE;
				GCC_WARN_UNUSED_FUNCTION = YES;
				GCC_WARN_UNUSED_VARIABLE = YES;
				IPHONEOS_DEPLOYMENT_TARGET = 10.0;
				MTL_ENABLE_DEBUG_INFO = YES;
				ONLY_ACTIVE_ARCH = YES;
				SDKROOT = iphoneos;
			};
			name = Debug;
		};
		5214F6DF1D275FDE00ACC644 /* Release */ = {
			isa = XCBuildConfiguration;
			buildSettings = {
				ALWAYS_SEARCH_USER_PATHS = NO;
				CLANG_ANALYZER_NONNULL = YES;
				CLANG_CXX_LANGUAGE_STANDARD = "gnu++0x";
				CLANG_CXX_LIBRARY = "libc++";
				CLANG_ENABLE_MODULES = YES;
				CLANG_ENABLE_OBJC_ARC = YES;
				CLANG_WARN_BOOL_CONVERSION = YES;
				CLANG_WARN_CONSTANT_CONVERSION = YES;
				CLANG_WARN_DIRECT_OBJC_ISA_USAGE = YES_ERROR;
				CLANG_WARN_DOCUMENTATION_COMMENTS = YES;
				CLANG_WARN_EMPTY_BODY = YES;
				CLANG_WARN_ENUM_CONVERSION = YES;
				CLANG_WARN_INT_CONVERSION = YES;
				CLANG_WARN_OBJC_ROOT_CLASS = YES_ERROR;
				CLANG_WARN_UNREACHABLE_CODE = YES;
				CLANG_WARN__DUPLICATE_METHOD_MATCH = YES;
				"CODE_SIGN_IDENTITY[sdk=iphoneos*]" = "iPhone Developer";
				COPY_PHASE_STRIP = NO;
				DEBUG_INFORMATION_FORMAT = "dwarf-with-dsym";
				ENABLE_NS_ASSERTIONS = NO;
				ENABLE_STRICT_OBJC_MSGSEND = YES;
				GCC_C_LANGUAGE_STANDARD = gnu99;
				GCC_NO_COMMON_BLOCKS = YES;
				GCC_PREFIX_HEADER = "marcopandaios/marcopandaios-Prefix.pch";
				GCC_WARN_64_TO_32_BIT_CONVERSION = YES;
				GCC_WARN_ABOUT_RETURN_TYPE = YES_ERROR;
				GCC_WARN_UNDECLARED_SELECTOR = YES;
				GCC_WARN_UNINITIALIZED_AUTOS = YES_AGGRESSIVE;
				GCC_WARN_UNUSED_FUNCTION = YES;
				GCC_WARN_UNUSED_VARIABLE = YES;
				IPHONEOS_DEPLOYMENT_TARGET = 10.0;
				MTL_ENABLE_DEBUG_INFO = NO;
				SDKROOT = iphoneos;
				VALIDATE_PRODUCT = YES;
			};
			name = Release;
		};
		5214F6E11D275FDE00ACC644 /* Debug */ = {
			isa = XCBuildConfiguration;
			baseConfigurationReference = A71C2E884F32E45EA3C37DBA /* Pods-marcopandaios.debug.xcconfig */;
			buildSettings = {
				ASSETCATALOG_COMPILER_APPICON_NAME = AppIcon;
				GCC_PRECOMPILE_PREFIX_HEADER = NO;
				GCC_PREFIX_HEADER = "marcopandaios/marcopandaios-Prefix.pch";
				INFOPLIST_FILE = marcopandaios/Info.plist;
				IPHONEOS_DEPLOYMENT_TARGET = 9.0;
				LD_RUNPATH_SEARCH_PATHS = "$(inherited) @executable_path/Frameworks";
				PRODUCT_BUNDLE_IDENTIFIER = com.magicfor.marcopandaios;
				PRODUCT_NAME = "$(TARGET_NAME)";
			};
			name = Debug;
		};
		5214F6E21D275FDE00ACC644 /* Release */ = {
			isa = XCBuildConfiguration;
			baseConfigurationReference = 1C744367231C8DD04ED7BF70 /* Pods-marcopandaios.release.xcconfig */;
			buildSettings = {
				ASSETCATALOG_COMPILER_APPICON_NAME = AppIcon;
				GCC_PRECOMPILE_PREFIX_HEADER = NO;
				GCC_PREFIX_HEADER = "marcopandaios/marcopandaios-Prefix.pch";
				INFOPLIST_FILE = marcopandaios/Info.plist;
				IPHONEOS_DEPLOYMENT_TARGET = 9.0;
				LD_RUNPATH_SEARCH_PATHS = "$(inherited) @executable_path/Frameworks";
				PRODUCT_BUNDLE_IDENTIFIER = com.magicfor.marcopandaios;
				PRODUCT_NAME = "$(TARGET_NAME)";
			};
			name = Release;
		};
/* End XCBuildConfiguration section */

/* Begin XCConfigurationList section */
		5214F6C41D275FDE00ACC644 /* Build configuration list for PBXProject "marcopandaios" */ = {
			isa = XCConfigurationList;
			buildConfigurations = (
				5214F6DE1D275FDE00ACC644 /* Debug */,
				5214F6DF1D275FDE00ACC644 /* Release */,
			);
			defaultConfigurationIsVisible = 0;
			defaultConfigurationName = Release;
		};
		5214F6E01D275FDE00ACC644 /* Build configuration list for PBXNativeTarget "marcopandaios" */ = {
			isa = XCConfigurationList;
			buildConfigurations = (
				5214F6E11D275FDE00ACC644 /* Debug */,
				5214F6E21D275FDE00ACC644 /* Release */,
			);
			defaultConfigurationIsVisible = 0;
			defaultConfigurationName = Release;
		};
/* End XCConfigurationList section */
	};
	rootObject = 5214F6C11D275FDE00ACC644 /* Project object */;
}
